// !$*UTF8*$!
{
	archiveVersion = 1;
	classes = {
	};
	objectVersion = 50;
	objects = {

/* Begin PBXBuildFile section */
		7BD9AA50243E3A7C005A9926 /* main.m in Sources */ = {isa = PBXBuildFile; fileRef = 7BD9AA4F243E3A7C005A9926 /* main.m */; };
		7BD9AA5B243E3E88005A9926 /* InputHandler.m in Sources */ = {isa = PBXBuildFile; fileRef = 7BD9AA5A243E3E88005A9926 /* InputHandler.m */; };
		7BD9AA61243E429C005A9926 /* PaymentGateway.m in Sources */ = {isa = PBXBuildFile; fileRef = 7BD9AA60243E429C005A9926 /* PaymentGateway.m */; };
		7BD9AA64243E4579005A9926 /* PaypalPaymentService.m in Sources */ = {isa = PBXBuildFile; fileRef = 7BD9AA63243E4579005A9926 /* PaypalPaymentService.m */; };
		7BD9AA67243E4586005A9926 /* StripePaymentService.m in Sources */ = {isa = PBXBuildFile; fileRef = 7BD9AA66243E4586005A9926 /* StripePaymentService.m */; };
		7BD9AA6A243E4592005A9926 /* AmazonPaymentService.m in Sources */ = {isa = PBXBuildFile; fileRef = 7BD9AA69243E4592005A9926 /* AmazonPaymentService.m */; };
		7BD9AA6D243E7E19005A9926 /* ApplePaymentService.m in Sources */ = {isa = PBXBuildFile; fileRef = 7BD9AA6C243E7E19005A9926 /* ApplePaymentService.m */; };
/* End PBXBuildFile section */

/* Begin PBXCopyFilesBuildPhase section */
		7BD9AA4A243E3A7C005A9926 /* CopyFiles */ = {
			isa = PBXCopyFilesBuildPhase;
			buildActionMask = 2147483647;
			dstPath = /usr/share/man/man1/;
			dstSubfolderSpec = 0;
			files = (
			);
			runOnlyForDeploymentPostprocessing = 1;
		};
/* End PBXCopyFilesBuildPhase section */

/* Begin PBXFileReference section */
		7BD9AA4C243E3A7C005A9926 /* Payments */ = {isa = PBXFileReference; explicitFileType = "compiled.mach-o.executable"; includeInIndex = 0; path = Payments; sourceTree = BUILT_PRODUCTS_DIR; };
		7BD9AA4F243E3A7C005A9926 /* main.m */ = {isa = PBXFileReference; lastKnownFileType = sourcecode.c.objc; path = main.m; sourceTree = "<group>"; };
		7BD9AA59243E3E88005A9926 /* InputHandler.h */ = {isa = PBXFileReference; fileEncoding = 4; lastKnownFileType = sourcecode.c.h; path = InputHandler.h; sourceTree = "<group>"; };
		7BD9AA5A243E3E88005A9926 /* InputHandler.m */ = {isa = PBXFileReference; fileEncoding = 4; lastKnownFileType = sourcecode.c.objc; path = InputHandler.m; sourceTree = "<group>"; };
		7BD9AA5F243E429C005A9926 /* PaymentGateway.h */ = {isa = PBXFileReference; lastKnownFileType = sourcecode.c.h; path = PaymentGateway.h; sourceTree = "<group>"; };
		7BD9AA60243E429C005A9926 /* PaymentGateway.m */ = {isa = PBXFileReference; lastKnownFileType = sourcecode.c.objc; path = PaymentGateway.m; sourceTree = "<group>"; };
		7BD9AA62243E4579005A9926 /* PaypalPaymentService.h */ = {isa = PBXFileReference; lastKnownFileType = sourcecode.c.h; path = PaypalPaymentService.h; sourceTree = "<group>"; };
		7BD9AA63243E4579005A9926 /* PaypalPaymentService.m */ = {isa = PBXFileReference; lastKnownFileType = sourcecode.c.objc; path = PaypalPaymentService.m; sourceTree = "<group>"; };
		7BD9AA65243E4586005A9926 /* StripePaymentService.h */ = {isa = PBXFileReference; lastKnownFileType = sourcecode.c.h; path = StripePaymentService.h; sourceTree = "<group>"; };
		7BD9AA66243E4586005A9926 /* StripePaymentService.m */ = {isa = PBXFileReference; lastKnownFileType = sourcecode.c.objc; path = StripePaymentService.m; sourceTree = "<group>"; };
		7BD9AA68243E4592005A9926 /* AmazonPaymentService.h */ = {isa = PBXFileReference; lastKnownFileType = sourcecode.c.h; path = AmazonPaymentService.h; sourceTree = "<group>"; };
		7BD9AA69243E4592005A9926 /* AmazonPaymentService.m */ = {isa = PBXFileReference; lastKnownFileType = sourcecode.c.objc; path = AmazonPaymentService.m; sourceTree = "<group>"; };
		7BD9AA6B243E7E19005A9926 /* ApplePaymentService.h */ = {isa = PBXFileReference; lastKnownFileType = sourcecode.c.h; path = ApplePaymentService.h; sourceTree = "<group>"; };
		7BD9AA6C243E7E19005A9926 /* ApplePaymentService.m */ = {isa = PBXFileReference; lastKnownFileType = sourcecode.c.objc; path = ApplePaymentService.m; sourceTree = "<group>"; };
/* End PBXFileReference section */

/* Begin PBXFrameworksBuildPhase section */
		7BD9AA49243E3A7C005A9926 /* Frameworks */ = {
			isa = PBXFrameworksBuildPhase;
			buildActionMask = 2147483647;
			files = (
			);
			runOnlyForDeploymentPostprocessing = 0;
		};
/* End PBXFrameworksBuildPhase section */

/* Begin PBXGroup section */
		7BD9AA43243E3A7B005A9926 = {
			isa = PBXGroup;
			children = (
				7BD9AA4E243E3A7C005A9926 /* Payments */,
				7BD9AA4D243E3A7C005A9926 /* Products */,
			);
			sourceTree = "<group>";
		};
		7BD9AA4D243E3A7C005A9926 /* Products */ = {
			isa = PBXGroup;
			children = (
				7BD9AA4C243E3A7C005A9926 /* Payments */,
			);
			name = Products;
			sourceTree = "<group>";
		};
		7BD9AA4E243E3A7C005A9926 /* Payments */ = {
			isa = PBXGroup;
			children = (
				7BD9AA59243E3E88005A9926 /* InputHandler.h */,
				7BD9AA5A243E3E88005A9926 /* InputHandler.m */,
				7BD9AA4F243E3A7C005A9926 /* main.m */,
				7BD9AA5F243E429C005A9926 /* PaymentGateway.h */,
				7BD9AA60243E429C005A9926 /* PaymentGateway.m */,
				7BD9AA62243E4579005A9926 /* PaypalPaymentService.h */,
				7BD9AA63243E4579005A9926 /* PaypalPaymentService.m */,
				7BD9AA65243E4586005A9926 /* StripePaymentService.h */,
				7BD9AA66243E4586005A9926 /* StripePaymentService.m */,
				7BD9AA68243E4592005A9926 /* AmazonPaymentService.h */,
				7BD9AA69243E4592005A9926 /* AmazonPaymentService.m */,
				7BD9AA6B243E7E19005A9926 /* ApplePaymentService.h */,
				7BD9AA6C243E7E19005A9926 /* ApplePaymentService.m */,
			);
			path = Payments;
			sourceTree = "<group>";
		};
/* End PBXGroup section */

/* Begin PBXNativeTarget section */
		7BD9AA4B243E3A7C005A9926 /* Payments */ = {
			isa = PBXNativeTarget;
			buildConfigurationList = 7BD9AA53243E3A7C005A9926 /* Build configuration list for PBXNativeTarget "Payments" */;
			buildPhases = (
				7BD9AA48243E3A7C005A9926 /* Sources */,
				7BD9AA49243E3A7C005A9926 /* Frameworks */,
				7BD9AA4A243E3A7C005A9926 /* CopyFiles */,
			);
			buildRules = (
			);
			dependencies = (
			);
			name = Payments;
			productName = Payments;
			productReference = 7BD9AA4C243E3A7C005A9926 /* Payments */;
			productType = "com.apple.product-type.tool";
		};
/* End PBXNativeTarget section */

/* Begin PBXProject section */
		7BD9AA44243E3A7B005A9926 /* Project object */ = {
			isa = PBXProject;
			attributes = {
				LastUpgradeCheck = 1140;
				ORGANIZATIONNAME = "Aaron Chen";
				TargetAttributes = {
					7BD9AA4B243E3A7C005A9926 = {
						CreatedOnToolsVersion = 11.4;
					};
				};
			};
			buildConfigurationList = 7BD9AA47243E3A7B005A9926 /* Build configuration list for PBXProject "Payments" */;
			compatibilityVersion = "Xcode 9.3";
			developmentRegion = en;
			hasScannedForEncodings = 0;
			knownRegions = (
				en,
				Base,
			);
			mainGroup = 7BD9AA43243E3A7B005A9926;
			productRefGroup = 7BD9AA4D243E3A7C005A9926 /* Products */;
			projectDirPath = "";
			projectRoot = "";
			targets = (
				7BD9AA4B243E3A7C005A9926 /* Payments */,
			);
		};
/* End PBXProject section */

/* Begin PBXSourcesBuildPhase section */
		7BD9AA48243E3A7C005A9926 /* Sources */ = {
			isa = PBXSourcesBuildPhase;
			buildActionMask = 2147483647;
			files = (
				7BD9AA6A243E4592005A9926 /* AmazonPaymentService.m in Sources */,
				7BD9AA67243E4586005A9926 /* StripePaymentService.m in Sources */,
				7BD9AA61243E429C005A9926 /* PaymentGateway.m in Sources */,
				7BD9AA6D243E7E19005A9926 /* ApplePaymentService.m in Sources */,
				7BD9AA50243E3A7C005A9926 /* main.m in Sources */,
				7BD9AA5B243E3E88005A9926 /* InputHandler.m in Sources */,
				7BD9AA64243E4579005A9926 /* PaypalPaymentService.m in Sources */,
			);
			runOnlyForDeploymentPostprocessing = 0;
		};
/* End PBXSourcesBuildPhase section */

/* Begin XCBuildConfiguration section */
		7BD9AA51243E3A7C005A9926 /* Debug */ = {
			isa = XCBuildConfiguration;
			buildSettings = {
				ALWAYS_SEARCH_USER_PATHS = NO;
				CLANG_ANALYZER_NONNULL = YES;
				CLANG_ANALYZER_NUMBER_OBJECT_CONVERSION = YES_AGGRESSIVE;
				CLANG_CXX_LANGUAGE_STANDARD = "gnu++14";
				CLANG_CXX_LIBRARY = "libc++";
				CLANG_ENABLE_MODULES = YES;
				CLANG_ENABLE_OBJC_ARC = YES;
				CLANG_ENABLE_OBJC_WEAK = YES;
				CLANG_WARN_BLOCK_CAPTURE_AUTORELEASING = YES;
				CLANG_WARN_BOOL_CONVERSION = YES;
				CLANG_WARN_COMMA = YES;
				CLANG_WARN_CONSTANT_CONVERSION = YES;
				CLANG_WARN_DEPRECATED_OBJC_IMPLEMENTATIONS = YES;
				CLANG_WARN_DIRECT_OBJC_ISA_USAGE = YES_ERROR;
				CLANG_WARN_DOCUMENTATION_COMMENTS = YES;
				CLANG_WARN_EMPTY_BODY = YES;
				CLANG_WARN_ENUM_CONVERSION = YES;
				CLANG_WARN_INFINITE_RECURSION = YES;
				CLANG_WARN_INT_CONVERSION = YES;
				CLANG_WARN_NON_LITERAL_NULL_CONVERSION = YES;
				CLANG_WARN_OBJC_IMPLICIT_RETAIN_SELF = YES;
				CLANG_WARN_OBJC_LITERAL_CONVERSION = YES;
				CLANG_WARN_OBJC_ROOT_CLASS = YES_ERROR;
				CLANG_WARN_RANGE_LOOP_ANALYSIS = YES;
				CLANG_WARN_STRICT_PROTOTYPES = YES;
				CLANG_WARN_SUSPICIOUS_MOVE = YES;
				CLANG_WARN_UNGUARDED_AVAILABILITY = YES_AGGRESSIVE;
				CLANG_WARN_UNREACHABLE_CODE = YES;
				CLANG_WARN__DUPLICATE_METHOD_MATCH = YES;
				COPY_PHASE_STRIP = NO;
				DEBUG_INFORMATION_FORMAT = dwarf;
				ENABLE_STRICT_OBJC_MSGSEND = YES;
				ENABLE_TESTABILITY = YES;
				GCC_C_LANGUAGE_STANDARD = gnu11;
				GCC_DYNAMIC_NO_PIC = NO;
				GCC_NO_COMMON_BLOCKS = YES;
				GCC_OPTIMIZATION_LEVEL = 0;
				GCC_PREPROCESSOR_DEFINITIONS = (
					"DEBUG=1",
					"$(inherited)",
				);
				GCC_WARN_64_TO_32_BIT_CONVERSION = YES;
				GCC_WARN_ABOUT_RETURN_TYPE = YES_ERROR;
				GCC_WARN_UNDECLARED_SELECTOR = YES;
				GCC_WARN_UNINITIALIZED_AUTOS = YES_AGGRESSIVE;
				GCC_WARN_UNUSED_FUNCTION = YES;
				GCC_WARN_UNUSED_VARIABLE = YES;
				MACOSX_DEPLOYMENT_TARGET = 10.15;
				MTL_ENABLE_DEBUG_INFO = INCLUDE_SOURCE;
				MTL_FAST_MATH = YES;
				ONLY_ACTIVE_ARCH = YES;
				SDKROOT = macosx;
			};
			name = Debug;
		};
		7BD9AA52243E3A7C005A9926 /* Release */ = {
			isa = XCBuildConfiguration;
			buildSettings = {
				ALWAYS_SEARCH_USER_PATHS = NO;
				CLANG_ANALYZER_NONNULL = YES;
				CLANG_ANALYZER_NUMBER_OBJECT_CONVERSION = YES_AGGRESSIVE;
				CLANG_CXX_LANGUAGE_STANDARD = "gnu++14";
				CLANG_CXX_LIBRARY = "libc++";
				CLANG_ENABLE_MODULES = YES;
				CLANG_ENABLE_OBJC_ARC = YES;
				CLANG_ENABLE_OBJC_WEAK = YES;
				CLANG_WARN_BLOCK_CAPTURE_AUTORELEASING = YES;
				CLANG_WARN_BOOL_CONVERSION = YES;
				CLANG_WARN_COMMA = YES;
				CLANG_WARN_CONSTANT_CONVERSION = YES;
				CLANG_WARN_DEPRECATED_OBJC_IMPLEMENTATIONS = YES;
				CLANG_WARN_DIRECT_OBJC_ISA_USAGE = YES_ERROR;
				CLANG_WARN_DOCUMENTATION_COMMENTS = YES;
				CLANG_WARN_EMPTY_BODY = YES;
				CLANG_WARN_ENUM_CONVERSION = YES;
				CLANG_WARN_INFINITE_RECURSION = YES;
				CLANG_WARN_INT_CONVERSION = YES;
				CLANG_WARN_NON_LITERAL_NULL_CONVERSION = YES;
				CLANG_WARN_OBJC_IMPLICIT_RETAIN_SELF = YES;
				CLANG_WARN_OBJC_LITERAL_CONVERSION = YES;
				CLANG_WARN_OBJC_ROOT_CLASS = YES_ERROR;
				CLANG_WARN_RANGE_LOOP_ANALYSIS = YES;
				CLANG_WARN_STRICT_PROTOTYPES = YES;
				CLANG_WARN_SUSPICIOUS_MOVE = YES;
				CLANG_WARN_UNGUARDED_AVAILABILITY = YES_AGGRESSIVE;
				CLANG_WARN_UNREACHABLE_CODE = YES;
				CLANG_WARN__DUPLICATE_METHOD_MATCH = YES;
				COPY_PHASE_STRIP = NO;
				DEBUG_INFORMATION_FORMAT = "dwarf-with-dsym";
				ENABLE_NS_ASSERTIONS = NO;
				ENABLE_STRICT_OBJC_MSGSEND = YES;
				GCC_C_LANGUAGE_STANDARD = gnu11;
				GCC_NO_COMMON_BLOCKS = YES;
				GCC_WARN_64_TO_32_BIT_CONVERSION = YES;
				GCC_WARN_ABOUT_RETURN_TYPE = YES_ERROR;
				GCC_WARN_UNDECLARED_SELECTOR = YES;
				GCC_WARN_UNINITIALIZED_AUTOS = YES_AGGRESSIVE;
				GCC_WARN_UNUSED_FUNCTION = YES;
				GCC_WARN_UNUSED_VARIABLE = YES;
				MACOSX_DEPLOYMENT_TARGET = 10.15;
				MTL_ENABLE_DEBUG_INFO = NO;
				MTL_FAST_MATH = YES;
				SDKROOT = macosx;
			};
			name = Release;
		};
		7BD9AA54243E3A7C005A9926 /* Debug */ = {
			isa = XCBuildConfiguration;
			buildSettings = {
				CODE_SIGN_STYLE = Automatic;
				PRODUCT_NAME = "$(TARGET_NAME)";
			};
			name = Debug;
		};
		7BD9AA55243E3A7C005A9926 /* Release */ = {
			isa = XCBuildConfiguration;
			buildSettings = {
				CODE_SIGN_STYLE = Automatic;
				PRODUCT_NAME = "$(TARGET_NAME)";
			};
			name = Release;
		};
/* End XCBuildConfiguration section */

/* Begin XCConfigurationList section */
		7BD9AA47243E3A7B005A9926 /* Build configuration list for PBXProject "Payments" */ = {
			isa = XCConfigurationList;
			buildConfigurations = (
				7BD9AA51243E3A7C005A9926 /* Debug */,
				7BD9AA52243E3A7C005A9926 /* Release */,
			);
			defaultConfigurationIsVisible = 0;
			defaultConfigurationName = Release;
		};
		7BD9AA53243E3A7C005A9926 /* Build configuration list for PBXNativeTarget "Payments" */ = {
			isa = XCConfigurationList;
			buildConfigurations = (
				7BD9AA54243E3A7C005A9926 /* Debug */,
				7BD9AA55243E3A7C005A9926 /* Release */,
			);
			defaultConfigurationIsVisible = 0;
			defaultConfigurationName = Release;
		};
/* End XCConfigurationList section */
	};
	rootObject = 7BD9AA44243E3A7B005A9926 /* Project object */;
}
